// !$*UTF8*$!
{
	archiveVersion = 1;
	classes = {
	};
	objectVersion = 46;
	objects = {

/* Begin PBXBuildFile section */
		452B4C3E1BFFA92B0037172C /* quadrado.swift in Sources */ = {isa = PBXBuildFile; fileRef = 452B4C3D1BFFA92B0037172C /* quadrado.swift */; };
		452B4C401BFFA9550037172C /* bolinha.swift in Sources */ = {isa = PBXBuildFile; fileRef = 452B4C3F1BFFA9550037172C /* bolinha.swift */; };
		452B4C431BFFA9680037172C /* azul.png in Resources */ = {isa = PBXBuildFile; fileRef = 452B4C411BFFA9680037172C /* azul.png */; };
		452B4C441BFFA9680037172C /* vermelho.png in Resources */ = {isa = PBXBuildFile; fileRef = 452B4C421BFFA9680037172C /* vermelho.png */; };
		7348760DB427A3584D2C1C43 /* libPods-tiCti.a in Frameworks */ = {isa = PBXBuildFile; fileRef = 808588D88D29D601B9F97784 /* libPods-tiCti.a */; };
		7E2D47811BF017C900FDEA98 /* AppDelegate.swift in Sources */ = {isa = PBXBuildFile; fileRef = 7E2D47801BF017C900FDEA98 /* AppDelegate.swift */; };
		7E2D47831BF017C900FDEA98 /* ViewController.swift in Sources */ = {isa = PBXBuildFile; fileRef = 7E2D47821BF017C900FDEA98 /* ViewController.swift */; };
		7E2D47861BF017C900FDEA98 /* Main.storyboard in Resources */ = {isa = PBXBuildFile; fileRef = 7E2D47841BF017C900FDEA98 /* Main.storyboard */; };
		7E2D47881BF017C900FDEA98 /* Assets.xcassets in Resources */ = {isa = PBXBuildFile; fileRef = 7E2D47871BF017C900FDEA98 /* Assets.xcassets */; };
		7E2D478B1BF017C900FDEA98 /* LaunchScreen.storyboard in Resources */ = {isa = PBXBuildFile; fileRef = 7E2D47891BF017C900FDEA98 /* LaunchScreen.storyboard */; };
		7E2D47961BF017C900FDEA98 /* tiCtiTests.swift in Sources */ = {isa = PBXBuildFile; fileRef = 7E2D47951BF017C900FDEA98 /* tiCtiTests.swift */; };
		7E2D47A11BF017C900FDEA98 /* tiCtiUITests.swift in Sources */ = {isa = PBXBuildFile; fileRef = 7E2D47A01BF017C900FDEA98 /* tiCtiUITests.swift */; };
		7E2D47AF1BF0195000FDEA98 /* ScreenCell.swift in Sources */ = {isa = PBXBuildFile; fileRef = 7E2D47AE1BF0195000FDEA98 /* ScreenCell.swift */; };
		7E2D47B51BF02B5100FDEA98 /* TelaCadastro.swift in Sources */ = {isa = PBXBuildFile; fileRef = 7E2D47B41BF02B5100FDEA98 /* TelaCadastro.swift */; };
		7E2D47B71BF02B7600FDEA98 /* TelaLogin.swift in Sources */ = {isa = PBXBuildFile; fileRef = 7E2D47B61BF02B7600FDEA98 /* TelaLogin.swift */; };
		7E2D47B91BF044FF00FDEA98 /* CSCell.swift in Sources */ = {isa = PBXBuildFile; fileRef = 7E2D47B81BF044FF00FDEA98 /* CSCell.swift */; };
		7E5F79801BFB69CF0031B22F /* Jogos.swift in Sources */ = {isa = PBXBuildFile; fileRef = 7E5F797F1BFB69CF0031B22F /* Jogos.swift */; };
		7E60003C1BF2B30F00B72AEA /* LSCell.swift in Sources */ = {isa = PBXBuildFile; fileRef = 7E60003B1BF2B30F00B72AEA /* LSCell.swift */; };
		7E60003F1BF3C0B800B72AEA /* PerfilViewController.swift in Sources */ = {isa = PBXBuildFile; fileRef = 7E60003E1BF3C0B800B72AEA /* PerfilViewController.swift */; };
		7EF595271BFE45230072215B /* AlterarDadosViewController.swift in Sources */ = {isa = PBXBuildFile; fileRef = 7EF595261BFE45230072215B /* AlterarDadosViewController.swift */; };
		7EF595291BFE45340072215B /* velhaViewController.swift in Sources */ = {isa = PBXBuildFile; fileRef = 7EF595281BFE45340072215B /* velhaViewController.swift */; };
		7EF5952B1BFE45470072215B /* pontosViewController.swift in Sources */ = {isa = PBXBuildFile; fileRef = 7EF5952A1BFE45470072215B /* pontosViewController.swift */; };
		7EF5952D1BFE45530072215B /* DamasViewController.swift in Sources */ = {isa = PBXBuildFile; fileRef = 7EF5952C1BFE45530072215B /* DamasViewController.swift */; };
		7EFB8B261BF142EF0086F37E /* server_api_min.swift in Sources */ = {isa = PBXBuildFile; fileRef = 7EFB8B251BF142EF0086F37E /* server_api_min.swift */; };
/* End PBXBuildFile section */

/* Begin PBXContainerItemProxy section */
		7E2D47921BF017C900FDEA98 /* PBXContainerItemProxy */ = {
			isa = PBXContainerItemProxy;
			containerPortal = 7E2D47751BF017C900FDEA98 /* Project object */;
			proxyType = 1;
			remoteGlobalIDString = 7E2D477C1BF017C900FDEA98;
			remoteInfo = tiCti;
		};
		7E2D479D1BF017C900FDEA98 /* PBXContainerItemProxy */ = {
			isa = PBXContainerItemProxy;
			containerPortal = 7E2D47751BF017C900FDEA98 /* Project object */;
			proxyType = 1;
			remoteGlobalIDString = 7E2D477C1BF017C900FDEA98;
			remoteInfo = tiCti;
		};
/* End PBXContainerItemProxy section */

/* Begin PBXFileReference section */
		452B4C3D1BFFA92B0037172C /* quadrado.swift */ = {isa = PBXFileReference; fileEncoding = 4; lastKnownFileType = sourcecode.swift; path = quadrado.swift; sourceTree = "<group>"; };
		452B4C3F1BFFA9550037172C /* bolinha.swift */ = {isa = PBXFileReference; fileEncoding = 4; lastKnownFileType = sourcecode.swift; path = bolinha.swift; sourceTree = "<group>"; };
		452B4C411BFFA9680037172C /* azul.png */ = {isa = PBXFileReference; lastKnownFileType = image.png; path = azul.png; sourceTree = "<group>"; };
		452B4C421BFFA9680037172C /* vermelho.png */ = {isa = PBXFileReference; lastKnownFileType = image.png; path = vermelho.png; sourceTree = "<group>"; };
		452B4C451BFFAA710037172C /* tiCti-Bridging-Header.h */ = {isa = PBXFileReference; lastKnownFileType = sourcecode.c.h; path = "tiCti-Bridging-Header.h"; sourceTree = SOURCE_ROOT; };
		7E2D477D1BF017C900FDEA98 /* tiCti.app */ = {isa = PBXFileReference; explicitFileType = wrapper.application; includeInIndex = 0; path = tiCti.app; sourceTree = BUILT_PRODUCTS_DIR; };
		7E2D47801BF017C900FDEA98 /* AppDelegate.swift */ = {isa = PBXFileReference; lastKnownFileType = sourcecode.swift; path = AppDelegate.swift; sourceTree = "<group>"; };
		7E2D47821BF017C900FDEA98 /* ViewController.swift */ = {isa = PBXFileReference; lastKnownFileType = sourcecode.swift; path = ViewController.swift; sourceTree = "<group>"; };
		7E2D47851BF017C900FDEA98 /* Base */ = {isa = PBXFileReference; lastKnownFileType = file.storyboard; name = Base; path = Base.lproj/Main.storyboard; sourceTree = "<group>"; };
		7E2D47871BF017C900FDEA98 /* Assets.xcassets */ = {isa = PBXFileReference; lastKnownFileType = folder.assetcatalog; path = Assets.xcassets; sourceTree = "<group>"; };
		7E2D478A1BF017C900FDEA98 /* Base */ = {isa = PBXFileReference; lastKnownFileType = file.storyboard; name = Base; path = Base.lproj/LaunchScreen.storyboard; sourceTree = "<group>"; };
		7E2D478C1BF017C900FDEA98 /* Info.plist */ = {isa = PBXFileReference; lastKnownFileType = text.plist.xml; path = Info.plist; sourceTree = "<group>"; };
		7E2D47911BF017C900FDEA98 /* tiCtiTests.xctest */ = {isa = PBXFileReference; explicitFileType = wrapper.cfbundle; includeInIndex = 0; path = tiCtiTests.xctest; sourceTree = BUILT_PRODUCTS_DIR; };
		7E2D47951BF017C900FDEA98 /* tiCtiTests.swift */ = {isa = PBXFileReference; lastKnownFileType = sourcecode.swift; path = tiCtiTests.swift; sourceTree = "<group>"; };
		7E2D47971BF017C900FDEA98 /* Info.plist */ = {isa = PBXFileReference; lastKnownFileType = text.plist.xml; path = Info.plist; sourceTree = "<group>"; };
		7E2D479C1BF017C900FDEA98 /* tiCtiUITests.xctest */ = {isa = PBXFileReference; explicitFileType = wrapper.cfbundle; includeInIndex = 0; path = tiCtiUITests.xctest; sourceTree = BUILT_PRODUCTS_DIR; };
		7E2D47A01BF017C900FDEA98 /* tiCtiUITests.swift */ = {isa = PBXFileReference; lastKnownFileType = sourcecode.swift; path = tiCtiUITests.swift; sourceTree = "<group>"; };
		7E2D47A21BF017C900FDEA98 /* Info.plist */ = {isa = PBXFileReference; lastKnownFileType = text.plist.xml; path = Info.plist; sourceTree = "<group>"; };
		7E2D47AE1BF0195000FDEA98 /* ScreenCell.swift */ = {isa = PBXFileReference; fileEncoding = 4; lastKnownFileType = sourcecode.swift; path = ScreenCell.swift; sourceTree = "<group>"; };
		7E2D47B41BF02B5100FDEA98 /* TelaCadastro.swift */ = {isa = PBXFileReference; fileEncoding = 4; lastKnownFileType = sourcecode.swift; path = TelaCadastro.swift; sourceTree = "<group>"; };
		7E2D47B61BF02B7600FDEA98 /* TelaLogin.swift */ = {isa = PBXFileReference; fileEncoding = 4; lastKnownFileType = sourcecode.swift; path = TelaLogin.swift; sourceTree = "<group>"; };
		7E2D47B81BF044FF00FDEA98 /* CSCell.swift */ = {isa = PBXFileReference; fileEncoding = 4; lastKnownFileType = sourcecode.swift; path = CSCell.swift; sourceTree = "<group>"; };
		7E5F797F1BFB69CF0031B22F /* Jogos.swift */ = {isa = PBXFileReference; fileEncoding = 4; lastKnownFileType = sourcecode.swift; path = Jogos.swift; sourceTree = "<group>"; };
		7E60003B1BF2B30F00B72AEA /* LSCell.swift */ = {isa = PBXFileReference; fileEncoding = 4; lastKnownFileType = sourcecode.swift; path = LSCell.swift; sourceTree = "<group>"; };
		7E60003E1BF3C0B800B72AEA /* PerfilViewController.swift */ = {isa = PBXFileReference; fileEncoding = 4; lastKnownFileType = sourcecode.swift; path = PerfilViewController.swift; sourceTree = "<group>"; };
		7EF595261BFE45230072215B /* AlterarDadosViewController.swift */ = {isa = PBXFileReference; fileEncoding = 4; lastKnownFileType = sourcecode.swift; path = AlterarDadosViewController.swift; sourceTree = "<group>"; };
		7EF595281BFE45340072215B /* velhaViewController.swift */ = {isa = PBXFileReference; fileEncoding = 4; lastKnownFileType = sourcecode.swift; path = velhaViewController.swift; sourceTree = "<group>"; };
		7EF5952A1BFE45470072215B /* pontosViewController.swift */ = {isa = PBXFileReference; fileEncoding = 4; lastKnownFileType = sourcecode.swift; path = pontosViewController.swift; sourceTree = "<group>"; };
		7EF5952C1BFE45530072215B /* DamasViewController.swift */ = {isa = PBXFileReference; fileEncoding = 4; lastKnownFileType = sourcecode.swift; path = DamasViewController.swift; sourceTree = "<group>"; };
		7EFB8B251BF142EF0086F37E /* server_api_min.swift */ = {isa = PBXFileReference; fileEncoding = 4; lastKnownFileType = sourcecode.swift; name = server_api_min.swift; path = servidor/server_api_min.swift; sourceTree = SOURCE_ROOT; };
		808588D88D29D601B9F97784 /* libPods-tiCti.a */ = {isa = PBXFileReference; explicitFileType = archive.ar; includeInIndex = 0; path = "libPods-tiCti.a"; sourceTree = BUILT_PRODUCTS_DIR; };
		C7E9E5276DD1689CDC9BC65E /* Pods-tiCti.debug.xcconfig */ = {isa = PBXFileReference; includeInIndex = 1; lastKnownFileType = text.xcconfig; name = "Pods-tiCti.debug.xcconfig"; path = "Pods/Target Support Files/Pods-tiCti/Pods-tiCti.debug.xcconfig"; sourceTree = "<group>"; };
		CB3A39BB14B3511CDAF3603A /* Pods-tiCti.release.xcconfig */ = {isa = PBXFileReference; includeInIndex = 1; lastKnownFileType = text.xcconfig; name = "Pods-tiCti.release.xcconfig"; path = "Pods/Target Support Files/Pods-tiCti/Pods-tiCti.release.xcconfig"; sourceTree = "<group>"; };
/* End PBXFileReference section */

/* Begin PBXFrameworksBuildPhase section */
		7E2D477A1BF017C900FDEA98 /* Frameworks */ = {
			isa = PBXFrameworksBuildPhase;
			buildActionMask = 2147483647;
			files = (
				7348760DB427A3584D2C1C43 /* libPods-tiCti.a in Frameworks */,
			);
			runOnlyForDeploymentPostprocessing = 0;
		};
		7E2D478E1BF017C900FDEA98 /* Frameworks */ = {
			isa = PBXFrameworksBuildPhase;
			buildActionMask = 2147483647;
			files = (
			);
			runOnlyForDeploymentPostprocessing = 0;
		};
		7E2D47991BF017C900FDEA98 /* Frameworks */ = {
			isa = PBXFrameworksBuildPhase;
			buildActionMask = 2147483647;
			files = (
			);
			runOnlyForDeploymentPostprocessing = 0;
		};
/* End PBXFrameworksBuildPhase section */

/* Begin PBXGroup section */
		2C6480D55EA97ADD1EEEB472 /* Pods */ = {
			isa = PBXGroup;
			children = (
				C7E9E5276DD1689CDC9BC65E /* Pods-tiCti.debug.xcconfig */,
				CB3A39BB14B3511CDAF3603A /* Pods-tiCti.release.xcconfig */,
			);
			name = Pods;
			sourceTree = "<group>";
		};
		7E2D47741BF017C900FDEA98 = {
			isa = PBXGroup;
			children = (
				7E2D477F1BF017C900FDEA98 /* tiCti */,
				7E2D47941BF017C900FDEA98 /* tiCtiTests */,
				7E2D479F1BF017C900FDEA98 /* tiCtiUITests */,
				7E2D477E1BF017C900FDEA98 /* Products */,
				2C6480D55EA97ADD1EEEB472 /* Pods */,
				B74BC0868DE4706A95F3146F /* Frameworks */,
			);
			sourceTree = "<group>";
		};
		7E2D477E1BF017C900FDEA98 /* Products */ = {
			isa = PBXGroup;
			children = (
				7E2D477D1BF017C900FDEA98 /* tiCti.app */,
				7E2D47911BF017C900FDEA98 /* tiCtiTests.xctest */,
				7E2D479C1BF017C900FDEA98 /* tiCtiUITests.xctest */,
			);
			name = Products;
			sourceTree = "<group>";
		};
		7E2D477F1BF017C900FDEA98 /* tiCti */ = {
			isa = PBXGroup;
			children = (
				7EFB8B251BF142EF0086F37E /* server_api_min.swift */,
				7E2D47801BF017C900FDEA98 /* AppDelegate.swift */,
				7E2D47821BF017C900FDEA98 /* ViewController.swift */,
				7E2D47AE1BF0195000FDEA98 /* ScreenCell.swift */,
				7E2D47841BF017C900FDEA98 /* Main.storyboard */,
				7E2D47871BF017C900FDEA98 /* Assets.xcassets */,
				7E2D47891BF017C900FDEA98 /* LaunchScreen.storyboard */,
				7E2D478C1BF017C900FDEA98 /* Info.plist */,
				452B4C451BFFAA710037172C /* tiCti-Bridging-Header.h */,
				7E2D47B31BF028AD00FDEA98 /* Cadastro */,
				7E2D47B21BF028A300FDEA98 /* Login */,
				7E60003D1BF3C04E00B72AEA /* Perfil */,
				7EF595251BFE44E50072215B /* AlterarDados */,
				7E5F797E1BFB69820031B22F /* MenuJogos */,
				7ECAAFA51BFCF33800B26C0E /* JogoDaVelha */,
				7ECAAFA41BFCF31800B26C0E /* LigarPontos */,
				7ECAAFA31BFCF30700B26C0E /* Damas */,
			);
			path = tiCti;
			sourceTree = "<group>";
		};
		7E2D47941BF017C900FDEA98 /* tiCtiTests */ = {
			isa = PBXGroup;
			children = (
				7E2D47951BF017C900FDEA98 /* tiCtiTests.swift */,
				7E2D47971BF017C900FDEA98 /* Info.plist */,
			);
			path = tiCtiTests;
			sourceTree = "<group>";
		};
		7E2D479F1BF017C900FDEA98 /* tiCtiUITests */ = {
			isa = PBXGroup;
			children = (
				7E2D47A01BF017C900FDEA98 /* tiCtiUITests.swift */,
				7E2D47A21BF017C900FDEA98 /* Info.plist */,
			);
			path = tiCtiUITests;
			sourceTree = "<group>";
		};
		7E2D47B21BF028A300FDEA98 /* Login */ = {
			isa = PBXGroup;
			children = (
				7E2D47B61BF02B7600FDEA98 /* TelaLogin.swift */,
				7E60003B1BF2B30F00B72AEA /* LSCell.swift */,
			);
			name = Login;
			sourceTree = "<group>";
		};
		7E2D47B31BF028AD00FDEA98 /* Cadastro */ = {
			isa = PBXGroup;
			children = (
				7E2D47B41BF02B5100FDEA98 /* TelaCadastro.swift */,
				7E2D47B81BF044FF00FDEA98 /* CSCell.swift */,
			);
			name = Cadastro;
			sourceTree = "<group>";
		};
		7E5F797E1BFB69820031B22F /* MenuJogos */ = {
			isa = PBXGroup;
			children = (
				7E5F797F1BFB69CF0031B22F /* Jogos.swift */,
			);
			name = MenuJogos;
			path = ..;
			sourceTree = "<group>";
		};
		7E60003D1BF3C04E00B72AEA /* Perfil */ = {
			isa = PBXGroup;
			children = (
				7E60003E1BF3C0B800B72AEA /* PerfilViewController.swift */,
			);
			name = Perfil;
			sourceTree = "<group>";
		};
		7ECAAFA31BFCF30700B26C0E /* Damas */ = {
			isa = PBXGroup;
			children = (
				7EF5952C1BFE45530072215B /* DamasViewController.swift */,
				452B4C3D1BFFA92B0037172C /* quadrado.swift */,
				452B4C3F1BFFA9550037172C /* bolinha.swift */,
				452B4C411BFFA9680037172C /* azul.png */,
				452B4C421BFFA9680037172C /* vermelho.png */,
			);
			name = Damas;
			path = ..;
			sourceTree = "<group>";
		};
		7ECAAFA41BFCF31800B26C0E /* LigarPontos */ = {
			isa = PBXGroup;
			children = (
				7EF5952A1BFE45470072215B /* pontosViewController.swift */,
			);
			name = LigarPontos;
			path = ..;
			sourceTree = "<group>";
		};
		7ECAAFA51BFCF33800B26C0E /* JogoDaVelha */ = {
			isa = PBXGroup;
			children = (
				7EF595281BFE45340072215B /* velhaViewController.swift */,
			);
			name = JogoDaVelha;
			path = ..;
			sourceTree = "<group>";
		};
		7EF595251BFE44E50072215B /* AlterarDados */ = {
			isa = PBXGroup;
			children = (
				7EF595261BFE45230072215B /* AlterarDadosViewController.swift */,
			);
			name = AlterarDados;
			sourceTree = "<group>";
		};
		B74BC0868DE4706A95F3146F /* Frameworks */ = {
			isa = PBXGroup;
			children = (
				808588D88D29D601B9F97784 /* libPods-tiCti.a */,
			);
			name = Frameworks;
			sourceTree = "<group>";
		};
/* End PBXGroup section */

/* Begin PBXNativeTarget section */
		7E2D477C1BF017C900FDEA98 /* tiCti */ = {
			isa = PBXNativeTarget;
			buildConfigurationList = 7E2D47A51BF017C900FDEA98 /* Build configuration list for PBXNativeTarget "tiCti" */;
			buildPhases = (
				C64F4B223BC7CB4DB3B267D2 /* Check Pods Manifest.lock */,
				7E2D47791BF017C900FDEA98 /* Sources */,
				7E2D477A1BF017C900FDEA98 /* Frameworks */,
				7E2D477B1BF017C900FDEA98 /* Resources */,
				6562F8F0583A6B58B3C3A447 /* Embed Pods Frameworks */,
				E5B5FE647886336074724149 /* Copy Pods Resources */,
			);
			buildRules = (
			);
			dependencies = (
			);
			name = tiCti;
			productName = tiCti;
			productReference = 7E2D477D1BF017C900FDEA98 /* tiCti.app */;
			productType = "com.apple.product-type.application";
		};
		7E2D47901BF017C900FDEA98 /* tiCtiTests */ = {
			isa = PBXNativeTarget;
			buildConfigurationList = 7E2D47A81BF017C900FDEA98 /* Build configuration list for PBXNativeTarget "tiCtiTests" */;
			buildPhases = (
				7E2D478D1BF017C900FDEA98 /* Sources */,
				7E2D478E1BF017C900FDEA98 /* Frameworks */,
				7E2D478F1BF017C900FDEA98 /* Resources */,
			);
			buildRules = (
			);
			dependencies = (
				7E2D47931BF017C900FDEA98 /* PBXTargetDependency */,
			);
			name = tiCtiTests;
			productName = tiCtiTests;
			productReference = 7E2D47911BF017C900FDEA98 /* tiCtiTests.xctest */;
			productType = "com.apple.product-type.bundle.unit-test";
		};
		7E2D479B1BF017C900FDEA98 /* tiCtiUITests */ = {
			isa = PBXNativeTarget;
			buildConfigurationList = 7E2D47AB1BF017C900FDEA98 /* Build configuration list for PBXNativeTarget "tiCtiUITests" */;
			buildPhases = (
				7E2D47981BF017C900FDEA98 /* Sources */,
				7E2D47991BF017C900FDEA98 /* Frameworks */,
				7E2D479A1BF017C900FDEA98 /* Resources */,
			);
			buildRules = (
			);
			dependencies = (
				7E2D479E1BF017C900FDEA98 /* PBXTargetDependency */,
			);
			name = tiCtiUITests;
			productName = tiCtiUITests;
			productReference = 7E2D479C1BF017C900FDEA98 /* tiCtiUITests.xctest */;
			productType = "com.apple.product-type.bundle.ui-testing";
		};
/* End PBXNativeTarget section */

/* Begin PBXProject section */
		7E2D47751BF017C900FDEA98 /* Project object */ = {
			isa = PBXProject;
			attributes = {
				LastSwiftUpdateCheck = 0710;
				LastUpgradeCheck = 0710;
				ORGANIZATIONNAME = "Ana Caroline Saraiva Bezerra";
				TargetAttributes = {
					7E2D477C1BF017C900FDEA98 = {
						CreatedOnToolsVersion = 7.1;
					};
					7E2D47901BF017C900FDEA98 = {
						CreatedOnToolsVersion = 7.1;
						TestTargetID = 7E2D477C1BF017C900FDEA98;
					};
					7E2D479B1BF017C900FDEA98 = {
						CreatedOnToolsVersion = 7.1;
						TestTargetID = 7E2D477C1BF017C900FDEA98;
					};
				};
			};
			buildConfigurationList = 7E2D47781BF017C900FDEA98 /* Build configuration list for PBXProject "tiCti" */;
			compatibilityVersion = "Xcode 3.2";
			developmentRegion = English;
			hasScannedForEncodings = 0;
			knownRegions = (
				en,
				Base,
			);
			mainGroup = 7E2D47741BF017C900FDEA98;
			productRefGroup = 7E2D477E1BF017C900FDEA98 /* Products */;
			projectDirPath = "";
			projectRoot = "";
			targets = (
				7E2D477C1BF017C900FDEA98 /* tiCti */,
				7E2D47901BF017C900FDEA98 /* tiCtiTests */,
				7E2D479B1BF017C900FDEA98 /* tiCtiUITests */,
			);
		};
/* End PBXProject section */

/* Begin PBXResourcesBuildPhase section */
		7E2D477B1BF017C900FDEA98 /* Resources */ = {
			isa = PBXResourcesBuildPhase;
			buildActionMask = 2147483647;
			files = (
				452B4C441BFFA9680037172C /* vermelho.png in Resources */,
				7E2D478B1BF017C900FDEA98 /* LaunchScreen.storyboard in Resources */,
				7E2D47881BF017C900FDEA98 /* Assets.xcassets in Resources */,
				7E2D47861BF017C900FDEA98 /* Main.storyboard in Resources */,
				452B4C431BFFA9680037172C /* azul.png in Resources */,
			);
			runOnlyForDeploymentPostprocessing = 0;
		};
		7E2D478F1BF017C900FDEA98 /* Resources */ = {
			isa = PBXResourcesBuildPhase;
			buildActionMask = 2147483647;
			files = (
			);
			runOnlyForDeploymentPostprocessing = 0;
		};
		7E2D479A1BF017C900FDEA98 /* Resources */ = {
			isa = PBXResourcesBuildPhase;
			buildActionMask = 2147483647;
			files = (
			);
			runOnlyForDeploymentPostprocessing = 0;
		};
/* End PBXResourcesBuildPhase section */

/* Begin PBXShellScriptBuildPhase section */
		6562F8F0583A6B58B3C3A447 /* Embed Pods Frameworks */ = {
			isa = PBXShellScriptBuildPhase;
			buildActionMask = 2147483647;
			files = (
			);
			inputPaths = (
			);
			name = "Embed Pods Frameworks";
			outputPaths = (
			);
			runOnlyForDeploymentPostprocessing = 0;
			shellPath = /bin/sh;
			shellScript = "\"${SRCROOT}/Pods/Target Support Files/Pods-tiCti/Pods-tiCti-frameworks.sh\"\n";
			showEnvVarsInLog = 0;
		};
		C64F4B223BC7CB4DB3B267D2 /* Check Pods Manifest.lock */ = {
			isa = PBXShellScriptBuildPhase;
			buildActionMask = 2147483647;
			files = (
			);
			inputPaths = (
			);
			name = "Check Pods Manifest.lock";
			outputPaths = (
			);
			runOnlyForDeploymentPostprocessing = 0;
			shellPath = /bin/sh;
			shellScript = "diff \"${PODS_ROOT}/../Podfile.lock\" \"${PODS_ROOT}/Manifest.lock\" > /dev/null\nif [[ $? != 0 ]] ; then\n    cat << EOM\nerror: The sandbox is not in sync with the Podfile.lock. Run 'pod install' or update your CocoaPods installation.\nEOM\n    exit 1\nfi\n";
			showEnvVarsInLog = 0;
		};
		E5B5FE647886336074724149 /* Copy Pods Resources */ = {
			isa = PBXShellScriptBuildPhase;
			buildActionMask = 2147483647;
			files = (
			);
			inputPaths = (
			);
			name = "Copy Pods Resources";
			outputPaths = (
			);
			runOnlyForDeploymentPostprocessing = 0;
			shellPath = /bin/sh;
			shellScript = "\"${SRCROOT}/Pods/Target Support Files/Pods-tiCti/Pods-tiCti-resources.sh\"\n";
			showEnvVarsInLog = 0;
		};
/* End PBXShellScriptBuildPhase section */

/* Begin PBXSourcesBuildPhase section */
		7E2D47791BF017C900FDEA98 /* Sources */ = {
			isa = PBXSourcesBuildPhase;
			buildActionMask = 2147483647;
			files = (
				7E5F79801BFB69CF0031B22F /* Jogos.swift in Sources */,
				7E2D47B51BF02B5100FDEA98 /* TelaCadastro.swift in Sources */,
				7E2D47AF1BF0195000FDEA98 /* ScreenCell.swift in Sources */,
				452B4C3E1BFFA92B0037172C /* quadrado.swift in Sources */,
				7E2D47B71BF02B7600FDEA98 /* TelaLogin.swift in Sources */,
				452B4C401BFFA9550037172C /* bolinha.swift in Sources */,
				7E60003F1BF3C0B800B72AEA /* PerfilViewController.swift in Sources */,
				7EF595271BFE45230072215B /* AlterarDadosViewController.swift in Sources */,
				7EFB8B261BF142EF0086F37E /* server_api_min.swift in Sources */,
				7EF595291BFE45340072215B /* velhaViewController.swift in Sources */,
				7E2D47831BF017C900FDEA98 /* ViewController.swift in Sources */,
				7EF5952B1BFE45470072215B /* pontosViewController.swift in Sources */,
				7E2D47811BF017C900FDEA98 /* AppDelegate.swift in Sources */,
				7E60003C1BF2B30F00B72AEA /* LSCell.swift in Sources */,
				7E2D47B91BF044FF00FDEA98 /* CSCell.swift in Sources */,
				7EF5952D1BFE45530072215B /* DamasViewController.swift in Sources */,
			);
			runOnlyForDeploymentPostprocessing = 0;
		};
		7E2D478D1BF017C900FDEA98 /* Sources */ = {
			isa = PBXSourcesBuildPhase;
			buildActionMask = 2147483647;
			files = (
				7E2D47961BF017C900FDEA98 /* tiCtiTests.swift in Sources */,
			);
			runOnlyForDeploymentPostprocessing = 0;
		};
		7E2D47981BF017C900FDEA98 /* Sources */ = {
			isa = PBXSourcesBuildPhase;
			buildActionMask = 2147483647;
			files = (
				7E2D47A11BF017C900FDEA98 /* tiCtiUITests.swift in Sources */,
			);
			runOnlyForDeploymentPostprocessing = 0;
		};
/* End PBXSourcesBuildPhase section */

/* Begin PBXTargetDependency section */
		7E2D47931BF017C900FDEA98 /* PBXTargetDependency */ = {
			isa = PBXTargetDependency;
			target = 7E2D477C1BF017C900FDEA98 /* tiCti */;
			targetProxy = 7E2D47921BF017C900FDEA98 /* PBXContainerItemProxy */;
		};
		7E2D479E1BF017C900FDEA98 /* PBXTargetDependency */ = {
			isa = PBXTargetDependency;
			target = 7E2D477C1BF017C900FDEA98 /* tiCti */;
			targetProxy = 7E2D479D1BF017C900FDEA98 /* PBXContainerItemProxy */;
		};
/* End PBXTargetDependency section */

/* Begin PBXVariantGroup section */
		7E2D47841BF017C900FDEA98 /* Main.storyboard */ = {
			isa = PBXVariantGroup;
			children = (
				7E2D47851BF017C900FDEA98 /* Base */,
			);
			name = Main.storyboard;
			sourceTree = "<group>";
		};
		7E2D47891BF017C900FDEA98 /* LaunchScreen.storyboard */ = {
			isa = PBXVariantGroup;
			children = (
				7E2D478A1BF017C900FDEA98 /* Base */,
			);
			name = LaunchScreen.storyboard;
			sourceTree = "<group>";
		};
/* End PBXVariantGroup section */

/* Begin XCBuildConfiguration section */
		7E2D47A31BF017C900FDEA98 /* Debug */ = {
			isa = XCBuildConfiguration;
			buildSettings = {
				ALWAYS_SEARCH_USER_PATHS = NO;
				CLANG_CXX_LANGUAGE_STANDARD = "gnu++0x";
				CLANG_CXX_LIBRARY = "libc++";
				CLANG_ENABLE_MODULES = YES;
				CLANG_ENABLE_OBJC_ARC = YES;
				CLANG_WARN_BOOL_CONVERSION = YES;
				CLANG_WARN_CONSTANT_CONVERSION = YES;
				CLANG_WARN_DIRECT_OBJC_ISA_USAGE = YES_ERROR;
				CLANG_WARN_EMPTY_BODY = YES;
				CLANG_WARN_ENUM_CONVERSION = YES;
				CLANG_WARN_INT_CONVERSION = YES;
				CLANG_WARN_OBJC_ROOT_CLASS = YES_ERROR;
				CLANG_WARN_UNREACHABLE_CODE = YES;
				CLANG_WARN__DUPLICATE_METHOD_MATCH = YES;
				"CODE_SIGN_IDENTITY[sdk=iphoneos*]" = "iPhone Developer";
				COPY_PHASE_STRIP = NO;
				DEBUG_INFORMATION_FORMAT = dwarf;
				ENABLE_BITCODE = NO;
				ENABLE_STRICT_OBJC_MSGSEND = YES;
				ENABLE_TESTABILITY = YES;
				GCC_C_LANGUAGE_STANDARD = gnu99;
				GCC_DYNAMIC_NO_PIC = NO;
				GCC_NO_COMMON_BLOCKS = YES;
				GCC_OPTIMIZATION_LEVEL = 0;
				GCC_PREPROCESSOR_DEFINITIONS = (
					"DEBUG=1",
					"$(inherited)",
				);
				GCC_WARN_64_TO_32_BIT_CONVERSION = YES;
				GCC_WARN_ABOUT_RETURN_TYPE = YES_ERROR;
				GCC_WARN_UNDECLARED_SELECTOR = YES;
				GCC_WARN_UNINITIALIZED_AUTOS = YES_AGGRESSIVE;
				GCC_WARN_UNUSED_FUNCTION = YES;
				GCC_WARN_UNUSED_VARIABLE = YES;
				IPHONEOS_DEPLOYMENT_TARGET = 9.1;
				MTL_ENABLE_DEBUG_INFO = YES;
				ONLY_ACTIVE_ARCH = YES;
				SDKROOT = iphoneos;
				SWIFT_OPTIMIZATION_LEVEL = "-Onone";
				TARGETED_DEVICE_FAMILY = 2;
			};
			name = Debug;
		};
		7E2D47A41BF017C900FDEA98 /* Release */ = {
			isa = XCBuildConfiguration;
			buildSettings = {
				ALWAYS_SEARCH_USER_PATHS = NO;
				CLANG_CXX_LANGUAGE_STANDARD = "gnu++0x";
				CLANG_CXX_LIBRARY = "libc++";
				CLANG_ENABLE_MODULES = YES;
				CLANG_ENABLE_OBJC_ARC = YES;
				CLANG_WARN_BOOL_CONVERSION = YES;
				CLANG_WARN_CONSTANT_CONVERSION = YES;
				CLANG_WARN_DIRECT_OBJC_ISA_USAGE = YES_ERROR;
				CLANG_WARN_EMPTY_BODY = YES;
				CLANG_WARN_ENUM_CONVERSION = YES;
				CLANG_WARN_INT_CONVERSION = YES;
				CLANG_WARN_OBJC_ROOT_CLASS = YES_ERROR;
				CLANG_WARN_UNREACHABLE_CODE = YES;
				CLANG_WARN__DUPLICATE_METHOD_MATCH = YES;
				"CODE_SIGN_IDENTITY[sdk=iphoneos*]" = "iPhone Developer";
				COPY_PHASE_STRIP = NO;
				DEBUG_INFORMATION_FORMAT = "dwarf-with-dsym";
				ENABLE_BITCODE = NO;
				ENABLE_NS_ASSERTIONS = NO;
				ENABLE_STRICT_OBJC_MSGSEND = YES;
				GCC_C_LANGUAGE_STANDARD = gnu99;
				GCC_NO_COMMON_BLOCKS = YES;
				GCC_WARN_64_TO_32_BIT_CONVERSION = YES;
				GCC_WARN_ABOUT_RETURN_TYPE = YES_ERROR;
				GCC_WARN_UNDECLARED_SELECTOR = YES;
				GCC_WARN_UNINITIALIZED_AUTOS = YES_AGGRESSIVE;
				GCC_WARN_UNUSED_FUNCTION = YES;
				GCC_WARN_UNUSED_VARIABLE = YES;
				IPHONEOS_DEPLOYMENT_TARGET = 9.1;
				MTL_ENABLE_DEBUG_INFO = NO;
				SDKROOT = iphoneos;
				TARGETED_DEVICE_FAMILY = 2;
				VALIDATE_PRODUCT = YES;
			};
			name = Release;
		};
		7E2D47A61BF017C900FDEA98 /* Debug */ = {
			isa = XCBuildConfiguration;
			baseConfigurationReference = C7E9E5276DD1689CDC9BC65E /* Pods-tiCti.debug.xcconfig */;
			buildSettings = {
				ASSETCATALOG_COMPILER_APPICON_NAME = AppIcon;
				CLANG_ENABLE_MODULES = YES;
				ENABLE_BITCODE = NO;
				INFOPLIST_FILE = tiCti/Info.plist;
				LD_RUNPATH_SEARCH_PATHS = "$(inherited) @executable_path/Frameworks";
				PRODUCT_BUNDLE_IDENTIFIER = br.ufpe.cin.bepid.Carol.tiCti;
				PRODUCT_NAME = "$(TARGET_NAME)";
				SWIFT_OBJC_BRIDGING_HEADER = "tiCti-Bridging-Header.h";
				SWIFT_OPTIMIZATION_LEVEL = "-Onone";
				TARGETED_DEVICE_FAMILY = "1,2";
			};
			name = Debug;
		};
		7E2D47A71BF017C900FDEA98 /* Release */ = {
			isa = XCBuildConfiguration;
			baseConfigurationReference = CB3A39BB14B3511CDAF3603A /* Pods-tiCti.release.xcconfig */;
			buildSettings = {
				ASSETCATALOG_COMPILER_APPICON_NAME = AppIcon;
				CLANG_ENABLE_MODULES = YES;
				ENABLE_BITCODE = NO;
				INFOPLIST_FILE = tiCti/Info.plist;
				LD_RUNPATH_SEARCH_PATHS = "$(inherited) @executable_path/Frameworks";
				PRODUCT_BUNDLE_IDENTIFIER = br.ufpe.cin.bepid.Carol.tiCti;
				PRODUCT_NAME = "$(TARGET_NAME)";
				SWIFT_OBJC_BRIDGING_HEADER = "tiCti-Bridging-Header.h";
				TARGETED_DEVICE_FAMILY = "1,2";
			};
			name = Release;
		};
		7E2D47A91BF017C900FDEA98 /* Debug */ = {
			isa = XCBuildConfiguration;
			buildSettings = {
				BUNDLE_LOADER = "$(TEST_HOST)";
				INFOPLIST_FILE = tiCtiTests/Info.plist;
				LD_RUNPATH_SEARCH_PATHS = "$(inherited) @executable_path/Frameworks @loader_path/Frameworks";
				PRODUCT_BUNDLE_IDENTIFIER = br.ufpe.cin.bepid.Carol.tiCtiTests;
				PRODUCT_NAME = "$(TARGET_NAME)";
				TEST_HOST = "$(BUILT_PRODUCTS_DIR)/tiCti.app/tiCti";
			};
			name = Debug;
		};
		7E2D47AA1BF017C900FDEA98 /* Release */ = {
			isa = XCBuildConfiguration;
			buildSettings = {
				BUNDLE_LOADER = "$(TEST_HOST)";
				INFOPLIST_FILE = tiCtiTests/Info.plist;
				LD_RUNPATH_SEARCH_PATHS = "$(inherited) @executable_path/Frameworks @loader_path/Frameworks";
				PRODUCT_BUNDLE_IDENTIFIER = br.ufpe.cin.bepid.Carol.tiCtiTests;
				PRODUCT_NAME = "$(TARGET_NAME)";
				TEST_HOST = "$(BUILT_PRODUCTS_DIR)/tiCti.app/tiCti";
			};
			name = Release;
		};
		7E2D47AC1BF017C900FDEA98 /* Debug */ = {
			isa = XCBuildConfiguration;
			buildSettings = {
				INFOPLIST_FILE = tiCtiUITests/Info.plist;
				LD_RUNPATH_SEARCH_PATHS = "$(inherited) @executable_path/Frameworks @loader_path/Frameworks";
				PRODUCT_BUNDLE_IDENTIFIER = br.ufpe.cin.bepid.Carol.tiCtiUITests;
				PRODUCT_NAME = "$(TARGET_NAME)";
				TEST_TARGET_NAME = tiCti;
				USES_XCTRUNNER = YES;
			};
			name = Debug;
		};
		7E2D47AD1BF017C900FDEA98 /* Release */ = {
			isa = XCBuildConfiguration;
			buildSettings = {
				INFOPLIST_FILE = tiCtiUITests/Info.plist;
				LD_RUNPATH_SEARCH_PATHS = "$(inherited) @executable_path/Frameworks @loader_path/Frameworks";
				PRODUCT_BUNDLE_IDENTIFIER = br.ufpe.cin.bepid.Carol.tiCtiUITests;
				PRODUCT_NAME = "$(TARGET_NAME)";
				TEST_TARGET_NAME = tiCti;
				USES_XCTRUNNER = YES;
			};
			name = Release;
		};
/* End XCBuildConfiguration section */

/* Begin XCConfigurationList section */
		7E2D47781BF017C900FDEA98 /* Build configuration list for PBXProject "tiCti" */ = {
			isa = XCConfigurationList;
			buildConfigurations = (
				7E2D47A31BF017C900FDEA98 /* Debug */,
				7E2D47A41BF017C900FDEA98 /* Release */,
			);
			defaultConfigurationIsVisible = 0;
			defaultConfigurationName = Release;
		};
		7E2D47A51BF017C900FDEA98 /* Build configuration list for PBXNativeTarget "tiCti" */ = {
			isa = XCConfigurationList;
			buildConfigurations = (
				7E2D47A61BF017C900FDEA98 /* Debug */,
				7E2D47A71BF017C900FDEA98 /* Release */,
			);
			defaultConfigurationIsVisible = 0;
			defaultConfigurationName = Release;
		};
		7E2D47A81BF017C900FDEA98 /* Build configuration list for PBXNativeTarget "tiCtiTests" */ = {
			isa = XCConfigurationList;
			buildConfigurations = (
				7E2D47A91BF017C900FDEA98 /* Debug */,
				7E2D47AA1BF017C900FDEA98 /* Release */,
			);
			defaultConfigurationIsVisible = 0;
			defaultConfigurationName = Release;
		};
		7E2D47AB1BF017C900FDEA98 /* Build configuration list for PBXNativeTarget "tiCtiUITests" */ = {
			isa = XCConfigurationList;
			buildConfigurations = (
				7E2D47AC1BF017C900FDEA98 /* Debug */,
				7E2D47AD1BF017C900FDEA98 /* Release */,
			);
			defaultConfigurationIsVisible = 0;
			defaultConfigurationName = Release;
		};
/* End XCConfigurationList section */
	};
	rootObject = 7E2D47751BF017C900FDEA98 /* Project object */;
}
